# This file is automatically @generated by Cargo.
# It is not intended for manual editing.
version = 4

[[package]]
name = "a1"
version = "1.0.0"
dependencies = [
 "aead",
 "chacha20poly1305",
 "keyfile-core",
 "tempfile",
 "zeroize",
]

[[package]]
name = "a10"
version = "1.0.0"
dependencies = [
 "aead",
 "ascon-aead",
 "keyfile-core",
 "tempfile",
 "zeroize",
]

[[package]]
name = "a100"
version = "1.0.0"
dependencies = [
 "keyfile-core",
 "tempfile",
 "zeroize",
]

[[package]]
name = "a11"
version = "1.0.0"
dependencies = [
 "aead",
 "chacha20poly1305",
 "keyfile-core",
 "tempfile",
 "zeroize",
]

[[package]]
name = "a12"
version = "1.0.0"
dependencies = [
 "aead",
 "chacha20poly1305",
 "keyfile-core",
 "tempfile",
 "zeroize",
]

[[package]]
name = "a13"
version = "1.0.0"
dependencies = [
 "aead",
 "chacha20poly1305",
 "keyfile-core",
 "tempfile",
 "zeroize",
]

[[package]]
name = "a14"
version = "1.0.0"
dependencies = [
 "aead",
 "chacha20poly1305",
 "keyfile-core",
 "tempfile",
 "zeroize",
]

[[package]]
name = "a15"
version = "1.0.0"
dependencies = [
 "aead",
 "aes",
 "cipher",
 "eax",
 "keyfile-core",
 "tempfile",
 "zeroize",
]

[[package]]
name = "a16"
version = "1.0.0"
dependencies = [
 "aead",
 "aes",
 "cipher",
 "eax",
 "keyfile-core",
 "tempfile",
 "zeroize",
]

[[package]]
name = "a17"
version = "1.0.0"
dependencies = [
 "aead",
 "aes",
 "cipher",
 "eax",
 "keyfile-core",
 "tempfile",
 "zeroize",
]

[[package]]
name = "a18"
version = "1.0.0"
dependencies = [
 "aead",
 "camellia",
 "cipher",
 "eax",
 "keyfile-core",
 "tempfile",
 "zeroize",
]

[[package]]
name = "a19"
version = "1.0.0"
dependencies = [
 "aead",
 "camellia",
 "cipher",
 "eax",
 "keyfile-core",
 "tempfile",
 "zeroize",
]

[[package]]
name = "a2"
version = "1.0.0"
dependencies = [
 "aead",
 "chacha20poly1305",
 "keyfile-core",
 "tempfile",
 "zeroize",
]

[[package]]
name = "a20"
version = "1.0.0"
dependencies = [
 "aead",
 "camellia",
 "cipher",
 "eax",
 "keyfile-core",
 "tempfile",
 "zeroize",
]

[[package]]
name = "a21"
version = "1.0.0"
dependencies = [
 "aead",
 "aria",
 "cipher",
 "eax",
 "keyfile-core",
 "tempfile",
 "zeroize",
]

[[package]]
name = "a22"
version = "1.0.0"
dependencies = [
 "aead",
 "aria",
 "cipher",
 "eax",
 "keyfile-core",
 "tempfile",
 "zeroize",
]

[[package]]
name = "a23"
version = "1.0.0"
dependencies = [
 "aead",
 "aria",
 "cipher",
 "eax",
 "keyfile-core",
 "tempfile",
 "zeroize",
]

[[package]]
name = "a24"
version = "1.0.0"
dependencies = [
 "aead",
 "cipher",
 "eax",
 "keyfile-core",
 "serpent",
 "tempfile",
 "zeroize",
]

[[package]]
name = "a25"
version = "1.0.0"
dependencies = [
 "aead",
 "cipher",
 "eax",
 "keyfile-core",
 "tempfile",
 "twofish",
 "zeroize",
]

[[package]]
name = "a26"
version = "1.0.0"
dependencies = [
 "aead",
 "cipher",
 "eax",
 "keyfile-core",
 "sm4",
 "tempfile",
 "zeroize",
]

[[package]]
name = "a27"
version = "1.0.0"
dependencies = [
 "aead",
 "cipher",
 "eax",
 "keyfile-core",
 "kuznyechik",
 "tempfile",
 "zeroize",
]

[[package]]
name = "a28"
version = "1.0.0"
dependencies = [
 "aead",
 "cast6",
 "cipher",
 "eax",
 "keyfile-core",
 "tempfile",
 "zeroize",
]

[[package]]
name = "a29"
version = "1.0.0"
dependencies = [
 "aead",
 "cipher",
 "eax",
 "keyfile-core",
 "rc6",
 "tempfile",
 "zeroize",
]

[[package]]
name = "a3"
version = "1.0.0"
dependencies = [
 "aead",
 "aes",
 "aes-gcm",
 "cipher",
 "keyfile-core",
 "tempfile",
 "zeroize",
]

[[package]]
name = "a30"
version = "1.0.0"
dependencies = [
 "aead",
 "aes",
 "ccm",
 "cipher",
 "keyfile-core",
 "tempfile",
 "zeroize",
]

[[package]]
name = "a31"
version = "1.0.0"
dependencies = [
 "aead",
 "aes",
 "ccm",
 "cipher",
 "keyfile-core",
 "tempfile",
 "zeroize",
]

[[package]]
name = "a32"
version = "1.0.0"
dependencies = [
 "aead",
 "aes",
 "ccm",
 "cipher",
 "keyfile-core",
 "tempfile",
 "zeroize",
]

[[package]]
name = "a33"
version = "1.0.0"
dependencies = [
 "aead",
 "camellia",
 "ccm",
 "cipher",
 "keyfile-core",
 "tempfile",
 "zeroize",
]

[[package]]
name = "a34"
version = "1.0.0"
dependencies = [
 "aead",
 "camellia",
 "ccm",
 "cipher",
 "keyfile-core",
 "tempfile",
 "zeroize",
]

[[package]]
name = "a35"
version = "1.0.0"
dependencies = [
 "aead",
 "camellia",
 "ccm",
 "cipher",
 "keyfile-core",
 "tempfile",
 "zeroize",
]

[[package]]
name = "a36"
version = "1.0.0"
dependencies = [
 "aead",
 "aria",
 "ccm",
 "cipher",
 "keyfile-core",
 "tempfile",
 "zeroize",
]

[[package]]
name = "a37"
version = "1.0.0"
dependencies = [
 "aead",
 "aria",
 "ccm",
 "cipher",
 "keyfile-core",
 "tempfile",
 "zeroize",
]

[[package]]
name = "a38"
version = "1.0.0"
dependencies = [
 "aead",
 "aria",
 "ccm",
 "cipher",
 "keyfile-core",
 "tempfile",
 "zeroize",
]

[[package]]
name = "a39"
version = "1.0.0"
dependencies = [
 "aead",
 "ccm",
 "cipher",
 "keyfile-core",
 "serpent",
 "tempfile",
 "zeroize",
]

[[package]]
name = "a4"
version = "1.0.0"
dependencies = [
 "aead",
 "aes",
 "aes-gcm",
 "cipher",
 "keyfile-core",
 "tempfile",
 "zeroize",
]

[[package]]
name = "a40"
version = "1.0.0"
dependencies = [
 "aead",
 "ccm",
 "cipher",
 "keyfile-core",
 "tempfile",
 "twofish",
 "zeroize",
]

[[package]]
name = "a41"
version = "1.0.0"
dependencies = [
 "aead",
 "ccm",
 "cipher",
 "keyfile-core",
 "sm4",
 "tempfile",
 "zeroize",
]

[[package]]
name = "a42"
version = "1.0.0"
dependencies = [
 "aead",
 "ccm",
 "cipher",
 "keyfile-core",
 "kuznyechik",
 "tempfile",
 "zeroize",
]

[[package]]
name = "a43"
version = "1.0.0"
dependencies = [
 "aead",
 "cast6",
 "ccm",
 "cipher",
 "keyfile-core",
 "tempfile",
 "zeroize",
]

[[package]]
name = "a44"
version = "1.0.0"
dependencies = [
 "aead",
 "ccm",
 "cipher",
 "keyfile-core",
 "rc6",
 "tempfile",
 "zeroize",
]

[[package]]
name = "a45"
version = "1.0.0"
dependencies = [
 "aes",
 "cipher",
 "ctr",
 "keyfile-core",
 "tempfile",
 "zeroize",
]

[[package]]
name = "a46"
version = "1.0.0"
dependencies = [
 "aes",
 "cipher",
 "ctr",
 "keyfile-core",
 "tempfile",
 "zeroize",
]

[[package]]
name = "a47"
version = "1.0.0"
dependencies = [
 "aes",
 "cipher",
 "ctr",
 "keyfile-core",
 "tempfile",
 "zeroize",
]

[[package]]
name = "a48"
version = "1.0.0"
dependencies = [
 "camellia",
 "cipher",
 "ctr",
 "keyfile-core",
 "tempfile",
 "zeroize",
]

[[package]]
name = "a49"
version = "1.0.0"
dependencies = [
 "camellia",
 "cipher",
 "ctr",
 "keyfile-core",
 "tempfile",
 "zeroize",
]

[[package]]
name = "a5"
version = "1.0.0"
dependencies = [
 "aead",
 "aes",
 "aes-gcm",
 "cipher",
 "keyfile-core",
 "tempfile",
 "zeroize",
]

[[package]]
name = "a50"
version = "1.0.0"
dependencies = [
 "camellia",
 "cipher",
 "ctr",
 "keyfile-core",
 "tempfile",
 "zeroize",
]

[[package]]
name = "a51"
version = "1.0.0"
dependencies = [
 "aria",
 "cipher",
 "ctr",
 "keyfile-core",
 "tempfile",
 "zeroize",
]

[[package]]
name = "a52"
version = "1.0.0"
dependencies = [
 "aria",
 "cipher",
 "ctr",
 "keyfile-core",
 "tempfile",
 "zeroize",
]

[[package]]
name = "a53"
version = "1.0.0"
dependencies = [
 "aria",
 "cipher",
 "ctr",
 "keyfile-core",
 "tempfile",
 "zeroize",
]

[[package]]
name = "a54"
version = "1.0.0"
dependencies = [
 "cipher",
 "ctr",
 "keyfile-core",
 "serpent",
 "tempfile",
 "zeroize",
]

[[package]]
name = "a55"
version = "1.0.0"
dependencies = [
 "cipher",
 "ctr",
 "keyfile-core",
 "tempfile",
 "twofish",
 "zeroize",
]

[[package]]
name = "a56"
version = "1.0.0"
dependencies = [
 "cipher",
 "ctr",
 "keyfile-core",
 "sm4",
 "tempfile",
 "zeroize",
]

[[package]]
name = "a57"
version = "1.0.0"
dependencies = [
 "cipher",
 "ctr",
 "keyfile-core",
 "kuznyechik",
 "tempfile",
 "zeroize",
]

[[package]]
name = "a58"
version = "1.0.0"
dependencies = [
 "cast6",
 "cipher",
 "ctr",
 "keyfile-core",
 "tempfile",
 "zeroize",
]

[[package]]
name = "a59"
version = "1.0.0"
dependencies = [
 "cipher",
 "ctr",
 "keyfile-core",
 "rc6",
 "tempfile",
 "zeroize",
]

[[package]]
name = "a6"
version = "1.0.0"
dependencies = [
 "aead",
 "aes-gcm-siv",
 "keyfile-core",
 "tempfile",
 "zeroize",
]

[[package]]
name = "a60"
version = "1.0.0"
dependencies = [
 "aes",
 "cbc",
 "cipher",
 "keyfile-core",
 "tempfile",
 "zeroize",
]

[[package]]
name = "a61"
version = "1.0.0"
dependencies = [
 "aes",
 "cbc",
 "cipher",
 "keyfile-core",
 "tempfile",
 "zeroize",
]

[[package]]
name = "a62"
version = "1.0.0"
dependencies = [
 "aes",
 "cbc",
 "cipher",
 "keyfile-core",
 "tempfile",
 "zeroize",
]

[[package]]
name = "a63"
version = "1.0.0"
dependencies = [
 "camellia",
 "cbc",
 "cipher",
 "keyfile-core",
 "tempfile",
 "zeroize",
]

[[package]]
name = "a64"
version = "1.0.0"
dependencies = [
 "camellia",
 "cbc",
 "cipher",
 "keyfile-core",
 "tempfile",
 "zeroize",
]

[[package]]
name = "a65"
version = "1.0.0"
dependencies = [
 "camellia",
 "cbc",
 "cipher",
 "keyfile-core",
 "tempfile",
 "zeroize",
]

[[package]]
name = "a66"
version = "1.0.0"
dependencies = [
 "aria",
 "cbc",
 "cipher",
 "keyfile-core",
 "tempfile",
 "zeroize",
]

[[package]]
name = "a67"
version = "1.0.0"
dependencies = [
 "aria",
 "cbc",
 "cipher",
 "keyfile-core",
 "tempfile",
 "zeroize",
]

[[package]]
name = "a68"
version = "1.0.0"
dependencies = [
 "aria",
 "cbc",
 "cipher",
 "keyfile-core",
 "tempfile",
 "zeroize",
]

[[package]]
name = "a69"
version = "1.0.0"
dependencies = [
 "cbc",
 "cipher",
 "keyfile-core",
 "serpent",
 "tempfile",
 "zeroize",
]

[[package]]
name = "a7"
version = "1.0.0"
dependencies = [
 "aead",
 "aes-gcm-siv",
 "keyfile-core",
 "tempfile",
 "zeroize",
]

[[package]]
name = "a70"
version = "1.0.0"
dependencies = [
 "cbc",
 "cipher",
 "keyfile-core",
 "tempfile",
 "twofish",
 "zeroize",
]

[[package]]
name = "a71"
version = "1.0.0"
dependencies = [
 "cbc",
 "cipher",
 "keyfile-core",
 "sm4",
 "tempfile",
 "zeroize",
]

[[package]]
name = "a72"
version = "1.0.0"
dependencies = [
 "cbc",
 "cipher",
 "keyfile-core",
 "kuznyechik",
 "tempfile",
 "zeroize",
]

[[package]]
name = "a73"
version = "1.0.0"
dependencies = [
 "cast6",
 "cbc",
 "cipher",
 "keyfile-core",
 "tempfile",
 "zeroize",
]

[[package]]
name = "a74"
version = "1.0.0"
dependencies = [
 "cbc",
 "cipher",
 "keyfile-core",
 "rc6",
 "tempfile",
 "zeroize",
]

[[package]]
name = "a75"
version = "1.0.0"
dependencies = [
 "chacha20",
 "cipher",
 "keyfile-core",
 "tempfile",
 "zeroize",
]

[[package]]
name = "a76"
version = "1.0.0"
dependencies = [
 "chacha20",
 "cipher",
 "keyfile-core",
 "tempfile",
 "zeroize",
]

[[package]]
name = "a77"
version = "1.0.0"
dependencies = [
 "chacha20",
 "cipher",
 "keyfile-core",
 "tempfile",
 "zeroize",
]

[[package]]
name = "a78"
version = "1.0.0"
dependencies = [
 "chacha20",
 "cipher",
 "keyfile-core",
 "tempfile",
 "zeroize",
]

[[package]]
name = "a79"
version = "1.0.0"
dependencies = [
 "chacha20",
 "cipher",
 "keyfile-core",
 "tempfile",
 "zeroize",
]

[[package]]
name = "a8"
version = "1.0.0"
dependencies = [
 "aead",
 "aes-siv",
 "cipher",
 "keyfile-core",
 "tempfile",
 "zeroize",
]

[[package]]
name = "a80"
version = "1.0.0"
dependencies = [
 "chacha20",
 "cipher",
 "keyfile-core",
 "tempfile",
 "zeroize",
]

[[package]]
name = "a81"
version = "1.0.0"
dependencies = [
 "cipher",
 "keyfile-core",
 "salsa20",
 "tempfile",
 "zeroize",
]

[[package]]
name = "a82"
version = "1.0.0"
dependencies = [
 "cipher",
 "keyfile-core",
 "salsa20",
 "tempfile",
 "zeroize",
]

[[package]]
name = "a83"
version = "1.0.0"
dependencies = [
 "cipher",
 "keyfile-core",
 "salsa20",
 "tempfile",
 "zeroize",
]

[[package]]
name = "a84"
version = "1.0.0"
dependencies = [
 "cipher",
 "keyfile-core",
 "salsa20",
 "tempfile",
 "zeroize",
]

[[package]]
name = "a85"
version = "1.0.0"
dependencies = [
 "cipher",
 "keyfile-core",
 "salsa20",
 "tempfile",
 "zeroize",
]

[[package]]
name = "a86"
version = "1.0.0"
dependencies = [
 "cipher",
 "keyfile-core",
 "salsa20",
 "tempfile",
 "zeroize",
]

[[package]]
name = "a87"
version = "1.0.0"
dependencies = [
 "cipher",
 "ctr",
 "keyfile-core",
 "tempfile",
 "threefish",
 "zeroize",
]

[[package]]
name = "a88"
version = "1.0.0"
dependencies = [
 "cipher",
 "ctr",
 "keyfile-core",
 "tempfile",
 "threefish",
 "zeroize",
]

[[package]]
name = "a89"
version = "1.0.0"
dependencies = [
 "cipher",
 "ctr",
 "keyfile-core",
 "tempfile",
 "threefish",
 "zeroize",
]

[[package]]
name = "a9"
version = "1.0.0"
dependencies = [
 "aead",
 "aes-siv",
 "cipher",
 "keyfile-core",
 "tempfile",
 "zeroize",
]

[[package]]
name = "a90"
version = "1.0.0"
dependencies = [
 "cipher",
 "keyfile-core",
 "rc4",
 "tempfile",
 "zeroize",
]

[[package]]
name = "a91"
version = "1.0.0"
dependencies = [
 "cipher",
 "keyfile-core",
 "rc4",
 "tempfile",
 "zeroize",
]

[[package]]
name = "a92"
version = "1.0.0"
dependencies = [
 "keyfile-core",
 "tempfile",
 "zeroize",
]

[[package]]
name = "a93"
version = "1.0.0"
dependencies = [
 "keyfile-core",
 "tempfile",
 "zeroize",
]

[[package]]
name = "a94"
version = "1.0.0"
dependencies = [
 "keyfile-core",
 "tempfile",
 "zeroize",
]

[[package]]
name = "a95"
version = "1.0.0"
dependencies = [
 "keyfile-core",
 "tempfile",
 "zeroize",
]

[[package]]
name = "a96"
version = "1.0.0"
dependencies = [
 "keyfile-core",
 "tempfile",
 "zeroize",
]

[[package]]
name = "a97"
version = "1.0.0"
dependencies = [
 "keyfile-core",
 "tempfile",
 "zeroize",
]

[[package]]
name = "a98"
version = "1.0.0"
dependencies = [
 "keyfile-core",
 "tempfile",
 "zeroize",
]

[[package]]
name = "a99"
version = "1.0.0"
dependencies = [
 "keyfile-core",
 "tempfile",
 "zeroize",
]

[[package]]
name = "aead"
version = "0.6.1"
source = "registry+https://github.com/rust-lang/crates.io-index"
checksum = "1973cfbc1a2daf9cf550e74e1f088c28e7f7d8c1e1418fb6c9dc5184b7e84c99"
dependencies = [
 "crypto-common 0.2.2",
 "inout",
]

[[package]]
name = "aes"
version = "0.9.2"
source = "registry+https://github.com/rust-lang/crates.io-index"
checksum = "f8eb277bec05f56a0e0591f155a484cbd0f4f07ff2905051a48c72f004f7ed58"
dependencies = [
 "cipher",
 "cpubits",
 "cpufeatures 0.3.1",
 "zeroize",
]

[[package]]
name = "aes-gcm"
version = "0.11.1"
source = "registry+https://github.com/rust-lang/crates.io-index"
checksum = "7f2b8006a0c83f52b62ba44a97b58bf76fe2f70a329e588f67f89691d93d498f"
dependencies = [
 "aead",
 "aes",
 "cipher",
 "ctr",
 "ctutils",
 "ghash",
 "zeroize",
]

[[package]]
name = "aes-gcm-siv"
version = "0.12.1"
source = "registry+https://github.com/rust-lang/crates.io-index"
checksum = "4c32325128cb24de2a2d14d92da7569dae7073f9e47334521d494747fa94d902"
dependencies = [
 "aead",
 "aes",
 "cipher",
 "ctr",
 "ctutils",
 "polyval",
]

[[package]]
name = "aes-siv"
version = "0.8.0"
source = "registry+https://github.com/rust-lang/crates.io-index"
checksum = "4f60ec3717e40f849d065676ef76a0fbd76ed6c300b18cc70a9a3bde80d7c8e8"
dependencies = [
 "aead",
 "aes",
 "cipher",
 "cmac",
 "ctr",
 "dbl",
 "digest 0.11.3",
]

[[package]]
name = "aria"
version = "0.2.0"
source = "registry+https://github.com/rust-lang/crates.io-index"
checksum = "9bec52899928da457033f0a6ea707bd11a16f5642ef91ddfcd809cd30f824536"
dependencies = [
 "cipher",
]

[[package]]
name = "ascon-aead"
version = "0.6.0"
source = "registry+https://github.com/rust-lang/crates.io-index"
checksum = "6cba922132fed390c20be89a16fa713999c46b2ce84ac4b0ecee0f3586a39d88"
dependencies = [
 "aead",
 "ascon-core",
 "inout",
 "subtle",
 "zeroize",
]

[[package]]
name = "ascon-core"
version = "0.5.1"
source = "registry+https://github.com/rust-lang/crates.io-index"
checksum = "c90c8493a0b3bf8678a82f096821a2c527dd6344bbcef6265bfcc09745f44e24"
dependencies = [
 "zeroize",
]

[[package]]
name = "bitflags"
version = "2.13.2"
source = "registry+https://github.com/rust-lang/crates.io-index"
checksum = "3ded4057c258ba199e2d26386d3af3780957ecaee6c4ef4041c6b4b8b97c0b06"

[[package]]
name = "block-buffer"
version = "0.10.4"
source = "registry+https://github.com/rust-lang/crates.io-index"
checksum = "3078c7629b62d3f0439517fa394996acacc5cbc91c5a20d8c658e77abd503a71"
dependencies = [
 "generic-array",
]

[[package]]
name = "block-buffer"
version = "0.12.1"
source = "registry+https://github.com/rust-lang/crates.io-index"
checksum = "d2f6c7dbe95a6ed67ad9f18e57daf93a2f034c524b99fd2b76d18fdfeb6660aa"
dependencies = [
 "hybrid-array",
 "zeroize",
]

[[package]]
name = "block-padding"
version = "0.4.2"
source = "registry+https://github.com/rust-lang/crates.io-index"
checksum = "710f1dd022ef4e93f8a438b4ba958de7f64308434fa6a87104481645cc30068b"
dependencies = [
 "hybrid-array",
]

[[package]]
name = "camellia"
version = "0.2.1"
source = "registry+https://github.com/rust-lang/crates.io-index"
checksum = "d3ed33f9863ee76491bbe0d7e16a225c694d8525287e320dc7fbe71ee212254c"
dependencies = [
 "cipher",
]

[[package]]
name = "cast6"
version = "0.2.0"
source = "registry+https://github.com/rust-lang/crates.io-index"
checksum = "6196963fa0e98083ddfd59354a17a640dc2dd2b1cbf1af945a728c8d1460e209"
dependencies = [
 "cipher",
]

[[package]]
name = "cbc"
version = "0.2.1"
source = "registry+https://github.com/rust-lang/crates.io-index"
checksum = "ce2dc9ee5f88d11e0beb842c88b33c8a5cf0d1329c4b19494af42b07dbfe8896"
dependencies = [
 "cipher",
]

[[package]]
name = "ccm"
version = "0.6.1"
source = "registry+https://github.com/rust-lang/crates.io-index"
checksum = "0be9b34d99d395af800e996c5784f810f8400ccd64202f91859dc677825b5378"
dependencies = [
 "aead",
 "cipher",
 "ctr",
 "ctutils",
]

[[package]]
name = "cfg-if"
version = "1.0.5"
source = "registry+https://github.com/rust-lang/crates.io-index"
checksum = "4e7648175b45a9a48536d676f68d918270699102aa8dab5496df06904c914600"

[[package]]
name = "chacha20"
version = "0.10.2"
source = "registry+https://github.com/rust-lang/crates.io-index"
checksum = "65c35e4b699c7e15ccbe7ee35c005e4fc0a278d22238a2857e6ce2dadeda1b06"
dependencies = [
 "cfg-if",
 "cipher",
 "cpufeatures 0.3.1",
 "zeroize",
]

[[package]]
name = "chacha20poly1305"
version = "0.11.0"
source = "registry+https://github.com/rust-lang/crates.io-index"
checksum = "9b89e1c441e926b9c82a8d023f6e1b7ae0adcfaa7d621814e4d60789bac751cb"
dependencies = [
 "aead",
 "chacha20",
 "cipher",
 "poly1305",
]

[[package]]
name = "cipher"
version = "0.5.2"
source = "registry+https://github.com/rust-lang/crates.io-index"
checksum = "e8cf2a2c93cd704877c0858356ed03480ff301ee950b43f1cbe4573b088bfa6c"
dependencies = [
 "block-buffer 0.12.1",
 "crypto-common 0.2.2",
 "inout",
 "zeroize",
]

[[package]]
name = "cmac"
version = "0.8.0"
source = "registry+https://github.com/rust-lang/crates.io-index"
checksum = "ac78aa94ce13e432b332a4d1bf2eff167d3a2520188ee05b337180a42fd2e62e"
dependencies = [
 "cipher",
 "dbl",
 "digest 0.11.3",
]

[[package]]
name = "cmov"
version = "0.5.4"
source = "registry+https://github.com/rust-lang/crates.io-index"
checksum = "0c9ea0ac24bc397ab3c98583a3c9ba74fa56b09a4449bbe172b9b1ddb016027a"

[[package]]
name = "cpubits"
version = "0.1.1"
source = "registry+https://github.com/rust-lang/crates.io-index"
checksum = "15b85f9c39137c3a891689859392b1bd49812121d0d61c9caf00d46ed5ce06ae"

[[package]]
name = "cpufeatures"
version = "0.2.17"
source = "registry+https://github.com/rust-lang/crates.io-index"
checksum = "59ed5838eebb26a2bb2e58f6d5b5316989ae9d08bab10e0e6d103e656d1b0280"
dependencies = [
 "libc",
]

[[package]]
name = "cpufeatures"
version = "0.3.1"
source = "registry+https://github.com/rust-lang/crates.io-index"
checksum = "5ca28b0ae3115b884660db4118d803791fd6756b6e88f39c0f3f7859060d7566"
dependencies = [
 "libc",
]

[[package]]
name = "crypto-common"
version = "0.1.7"
source = "registry+https://github.com/rust-lang/crates.io-index"
checksum = "78c8292055d1c1df0cce5d180393dc8cce0abec0a7102adb6c7b1eef6016d60a"
dependencies = [
 "generic-array",
 "typenum",
]

[[package]]
name = "crypto-common"
version = "0.2.2"
source = "registry+https://github.com/rust-lang/crates.io-index"
checksum = "ce6e4c961d6cd6c9a86db418387425e8bdeaf05b3c8bc1411e6dca4c252f1453"
dependencies = [
 "getrandom",
 "hybrid-array",
 "rand_core",
]

[[package]]
name = "ctr"
version = "0.10.1"
source = "registry+https://github.com/rust-lang/crates.io-index"
checksum = "baaca1c4b237092596f64d571e9db6ce4109c4ef9742e27590f1709594461f21"
dependencies = [
 "cipher",
]

[[package]]
name = "ctutils"
version = "0.4.2"
source = "registry+https://github.com/rust-lang/crates.io-index"
checksum = "7d5515a3834141de9eafb9717ad39eea8247b5674e6066c404e8c4b365d2a29e"
dependencies = [
 "cmov",
]

[[package]]
name = "dbl"
version = "0.5.0"
source = "registry+https://github.com/rust-lang/crates.io-index"
checksum = "f0d7a944e61df464668c5f51f56cc667396a8821434273112948ea0b66e405d7"
dependencies = [
 "hybrid-array",
]

[[package]]
name = "digest"
version = "0.10.7"
source = "registry+https://github.com/rust-lang/crates.io-index"
checksum = "9ed9a281f7bc9b7576e61468ba615a66a5c8cfdff42420a70aa82701a3b1e292"
dependencies = [
 "block-buffer 0.10.4",
 "crypto-common 0.1.7",
 "subtle",
]

[[package]]
name = "digest"
version = "0.11.3"
source = "registry+https://github.com/rust-lang/crates.io-index"
checksum = "f1dd6dbb5841937940781866fa1281a1ff7bd3bf827091440879f9994983d5c2"
dependencies = [
 "block-buffer 0.12.1",
 "crypto-common 0.2.2",
 "ctutils",
]

[[package]]
name = "eax"
version = "0.6.1"
source = "registry+https://github.com/rust-lang/crates.io-index"
checksum = "0e576f1e6a494c9dff641883eb55c1a30322977f8d48e059decbe55d5c02fb16"
dependencies = [
 "aead",
 "cipher",
 "cmac",
 "ctr",
 "ctutils",
]

[[package]]
name = "errno"
version = "0.3.14"
source = "registry+https://github.com/rust-lang/crates.io-index"
checksum = "39cab71617ae0d63f51a36d69f866391735b51691dbda63cf6f96d042b63efeb"
dependencies = [
 "libc",
 "windows-sys",
]

[[package]]
name = "fastrand"
version = "2.5.0"
source = "registry+https://github.com/rust-lang/crates.io-index"
checksum = "da7c62ceae207dd37ea5b845da6a0696c799f85e97da1ab5b7910be3c1c80223"

[[package]]
name = "generic-array"
version = "0.14.7"
source = "registry+https://github.com/rust-lang/crates.io-index"
checksum = "85649ca51fd72272d7821adaf274ad91c288277713d9c18820d8499a7ff69e9a"
dependencies = [
 "typenum",
 "version_check",
]

[[package]]
name = "getrandom"
version = "0.4.3"
source = "registry+https://github.com/rust-lang/crates.io-index"
checksum = "300e883d756b2e4ec94e02791f39b04b522276138852cfc41d9fb7e904106099"
dependencies = [
 "cfg-if",
 "libc",
 "r-efi",
 "rand_core",
]

[[package]]
name = "ghash"
version = "0.6.0"
source = "registry+https://github.com/rust-lang/crates.io-index"
checksum = "2eecf2d5dc9b66b732b97707a0210906b1d30523eb773193ab777c0c84b3e8d5"
dependencies = [
 "polyval",
 "zeroize",
]

[[package]]
name = "hkdf"
version = "0.12.4"
source = "registry+https://github.com/rust-lang/crates.io-index"
checksum = "7b5f8eb2ad728638ea2c7d47a21db23b7b58a72ed6a38256b8a1849f15fbbdf7"
dependencies = [
 "hmac",
]

[[package]]
name = "hmac"
version = "0.12.1"
source = "registry+https://github.com/rust-lang/crates.io-index"
checksum = "6c49c37c09c17a53d937dfbb742eb3a961d65a994e6bcdcf37e7399d0cc8ab5e"
dependencies = [
 "digest 0.10.7",
]

[[package]]
name = "hybrid-array"
version = "0.4.15"
source = "registry+https://github.com/rust-lang/crates.io-index"
checksum = "27f864f10dfb56725ce5ce5472bc52252c8f93a4ab86327122cebf62c5f59a17"
dependencies = [
 "typenum",
 "zeroize",
]

[[package]]
name = "inout"
version = "0.2.2"
source = "registry+https://github.com/rust-lang/crates.io-index"
checksum = "4250ce6452e92010fdf7268ccc5d14faa80bb12fc741938534c58f16804e03c7"
dependencies = [
 "block-padding",
 "hybrid-array",
]

[[package]]
name = "keyfile-core"
version = "1.0.0"
dependencies = [
 "getrandom",
 "hkdf",
 "hmac",
 "libc",
 "sha2",
 "tempfile",
 "windows-sys",
 "zeroize",
]

[[package]]
name = "keygen"
version = "1.0.0"
dependencies = [
 "keyfile-core",
]

[[package]]
name = "kuznyechik"
version = "0.9.0"
source = "registry+https://github.com/rust-lang/crates.io-index"
checksum = "003764d77f5f2e2a57a4d17dc6547e0595f14a3c289283c9eeaf7170d3a4ff83"
dependencies = [
 "cfg-if",
 "cipher",
]

[[package]]
name = "libc"
version = "0.2.189"
source = "registry+https://github.com/rust-lang/crates.io-index"
checksum = "3eaf3ede3fee6db1a4c2ee091bf8a8b4dccdc6d17f656fb07896ee72867612f2"

[[package]]
name = "linux-raw-sys"
version = "0.12.1"
source = "registry+https://github.com/rust-lang/crates.io-index"
checksum = "32a66949e030da00e8c7d4434b251670a91556f4144941d37452769c25d58a53"

[[package]]
name = "once_cell"
version = "1.21.4"
source = "registry+https://github.com/rust-lang/crates.io-index"
checksum = "9f7c3e4beb33f85d45ae3e3a1792185706c8e16d043238c593331cc7cd313b50"

[[package]]
name = "poly1305"
version = "0.9.1"
source = "registry+https://github.com/rust-lang/crates.io-index"
checksum = "6e2d0073b297041425c7c3df6eb4792d598a15323fe63346852b092eca02904c"
dependencies = [
 "cpufeatures 0.3.1",
 "universal-hash",
]

[[package]]
name = "polyval"
version = "0.7.3"
source = "registry+https://github.com/rust-lang/crates.io-index"
checksum = "f0fa31d631f2b2cb2a544d0aa321ce847a94764d701ca2becc411138b93d49cd"
dependencies = [
 "cpubits",
 "cpufeatures 0.3.1",
 "universal-hash",
 "zeroize",
]

[[package]]
name = "proc-macro2"
version = "1.0.107"
source = "registry+https://github.com/rust-lang/crates.io-index"
checksum = "985e7ec9bb745e6ce6535b544d84d6cd6f7ad8bd711c398938ae983b91a766d9"
dependencies = [
 "unicode-ident",
]

[[package]]
name = "quote"
version = "1.0.47"
source = "registry+https://github.com/rust-lang/crates.io-index"
checksum = "1fbf4db142a473a8d80c26bbf18454ed458bf8d26c8219c331daecfdbd079001"
dependencies = [
 "proc-macro2",
]

[[package]]
name = "r-efi"
version = "6.0.0"
source = "registry+https://github.com/rust-lang/crates.io-index"
checksum = "f8dcc9c7d52a811697d2151c701e0d08956f92b0e24136cf4cf27b57a6a0d9bf"

[[package]]
name = "rand_core"
version = "0.10.1"
source = "registry+https://github.com/rust-lang/crates.io-index"
checksum = "63b8176103e19a2643978565ca18b50549f6101881c443590420e4dc998a3c69"

[[package]]
name = "rc4"
version = "0.2.0"
source = "registry+https://github.com/rust-lang/crates.io-index"
checksum = "840038b674daa9f7a7957440d937951d15c0143c056e631e529141fd780e0c92"
dependencies = [
 "cipher",
]

[[package]]
name = "rc6"
version = "0.1.0"
source = "registry+https://github.com/rust-lang/crates.io-index"
checksum = "500557e7832a3ef49ee07975f930c2df56b4016e80be3a125521004bb6d845c9"
dependencies = [
 "cipher",
]

[[package]]
name = "rustix"
version = "1.1.5"
source = "registry+https://github.com/rust-lang/crates.io-index"
checksum = "891efababe418670775f199f0d233d84843c227a0949a883ce15b37c78d6629d"
dependencies = [
 "bitflags",
 "errno",
 "libc",
 "linux-raw-sys",
 "windows-sys",
]

[[package]]
name = "salsa20"
version = "0.11.0"
source = "registry+https://github.com/rust-lang/crates.io-index"
checksum = "2f874456e72520ff1375a06c588eaf074b0f01f9e9e1aada45bd9b7954a6e42c"
dependencies = [
 "cfg-if",
 "cipher",
]

[[package]]
name = "serpent"
version = "0.6.0"
source = "registry+https://github.com/rust-lang/crates.io-index"
checksum = "940b28a5f6693dd27b89c8a36c496814f50b66f22a1a83950f52c2029676c59c"
dependencies = [
 "cipher",
]

[[package]]
name = "sha2"
version = "0.10.9"
source = "registry+https://github.com/rust-lang/crates.io-index"
checksum = "a7507d819769d01a365ab707794a4084392c824f54a7a6a7862f8c3d0892b283"
dependencies = [
 "cfg-if",
 "cpufeatures 0.2.17",
 "digest 0.10.7",
]

[[package]]
name = "sm4"
version = "0.6.0"
source = "registry+https://github.com/rust-lang/crates.io-index"
checksum = "ff2d621883cdeeaee6759d39f4bc8cd314b29db72b6ac3d6714b31422512ee11"
dependencies = [
 "cipher",
]

[[package]]
name = "subtle"
version = "2.6.1"
source = "registry+https://github.com/rust-lang/crates.io-index"
checksum = "13c2bddecc57b384dee18652358fb23172facb8a2c51ccc10d74c157bdea3292"

[[package]]
name = "syn"
version = "2.0.119"
source = "registry+https://github.com/rust-lang/crates.io-index"
checksum = "872831b642d1a07999a962a351ed35b955ea2cfc8f3862091e2a240a84f17297"
dependencies = [
 "proc-macro2",
 "quote",
 "unicode-ident",
]

[[package]]
name = "tempfile"
version = "3.27.0"
source = "registry+https://github.com/rust-lang/crates.io-index"
checksum = "32497e9a4c7b38532efcdebeef879707aa9f794296a4f0244f6f69e9bc8574bd"
dependencies = [
 "fastrand",
 "getrandom",
 "once_cell",
 "rustix",
 "windows-sys",
]

[[package]]
name = "threefish"
version = "0.6.0"
source = "registry+https://github.com/rust-lang/crates.io-index"
checksum = "d01bb3253ac4d5c6c7dbb6f4f66a8178a24deefe0067357ace6482db2f3ccc6e"
dependencies = [
 "cipher",
 "zeroize",
]

[[package]]
name = "twofish"
version = "0.8.0"
source = "registry+https://github.com/rust-lang/crates.io-index"
checksum = "0218ef702a91e18ba84dd516edf8df33a9f9fb4431d6ada13e6f9502c3bcb6fc"
dependencies = [
 "cipher",
]

[[package]]
name = "typenum"
version = "1.20.1"
source = "registry+https://github.com/rust-lang/crates.io-index"
checksum = "b6f5e870be6c3b371b77fe0ee0bafb859fa4964b4404c27de1d380043c4dda20"

[[package]]
name = "unicode-ident"
version = "1.0.26"
source = "registry+https://github.com/rust-lang/crates.io-index"
checksum = "d245f478577f809a851594d02313b640fb437e0bb33866753cff937863096954"

[[package]]
name = "universal-hash"
version = "0.6.1"
source = "registry+https://github.com/rust-lang/crates.io-index"
checksum = "f4987bdc12753382e0bec4a65c50738ffaabc998b9cdd1f952fb5f39b0048a96"
dependencies = [
 "crypto-common 0.2.2",
 "ctutils",
]

[[package]]
name = "version_check"
version = "0.9.5"
source = "registry+https://github.com/rust-lang/crates.io-index"
checksum = "0b928f33d975fc6ad9f86c8f283853ad26bdd5b10b7f1542aa2fa15e2289105a"

[[package]]
name = "windows-link"
version = "0.2.1"
source = "registry+https://github.com/rust-lang/crates.io-index"
checksum = "f0805222e57f7521d6a62e36fa9163bc891acd422f971defe97d64e70d0a4fe5"

[[package]]
name = "windows-sys"
version = "0.61.2"
source = "registry+https://github.com/rust-lang/crates.io-index"
checksum = "ae137229bcbd6cdf0f7b80a31df61766145077ddf49416a728b02cb3921ff3fc"
dependencies = [
 "windows-link",
]

[[package]]
name = "zeroize"
version = "1.9.0"
source = "registry+https://github.com/rust-lang/crates.io-index"
checksum = "e13c156562582aa81c60cb29407084cdb54c4164760106ab78e6c5b0858cf64e"
dependencies = [
 "zeroize_derive",
]

[[package]]
name = "zeroize_derive"
version = "1.5.0"
source = "registry+https://github.com/rust-lang/crates.io-index"
checksum = "3c50655cbb0fe3fc43170059e702f1ce5e19b84cec58dc87b037a09935c2f328"
dependencies = [
 "proc-macro2",
 "quote",
 "syn",
]
